# This file is autogenerated, do not edit; changes may be undone by the next 'dep ensure'.


[[projects]]
  branch = "master"
  name = "github.com/logrusorgru/aurora"
  packages = ["."]
  revision = "d694e6f975a9109e2b063829d563a7c153c4b53c"

[solve-meta]
  analyzer-name = "dep"
  analyzer-version = 1
  inputs-digest = "472ffebd3abb2de36824895567c69c46b6a7eccae7e903a2abb09e4f829b7dc3"
  solver-name = "gps-cdcl"
  solver-version = 1
